
Microsoft Visual Studio Solution File, Format Version 12.00
# Visual Studio 15
VisualStudioVersion = 15.0.25920.0
MinimumVisualStudioVersion = 10.0.40219.1
Project("{FAE04EC0-301F-11D3-BF4B-00C04F79EFBC}") = "Chainly", "Chainly\Chainly.csproj", "{D36CA87F-D484-4C42-8C45-2D8FE10FCE07}"
EndProject
Project("{FAE04EC0-301F-11D3-BF4B-00C04F79EFBC}") = "Chainly.Test", "Chainly.test\Chainly.Test.csproj", "{8CB1E63B-E8AF-49AA-BBF7-B1115257C8CE}"
EndProject
Global
	GlobalSection(SolutionConfigurationPlatforms) = preSolution
		Debug|Any CPU = Debug|Any CPU
		Release|Any CPU = Release|Any CPU
	EndGlobalSection
	GlobalSection(ProjectConfigurationPlatforms) = postSolution
		{D36CA87F-D484-4C42-8C45-2D8FE10FCE07}.Debug|Any CPU.ActiveCfg = Debug|Any CPU
		{D36CA87F-D484-4C42-8C45-2D8FE10FCE07}.Debug|Any CPU.Build.0 = Debug|Any CPU
		{D36CA87F-D484-4C42-8C45-2D8FE10FCE07}.Release|Any CPU.ActiveCfg = Release|Any CPU
		{D36CA87F-D484-4C42-8C45-2D8FE10FCE07}.Release|Any CPU.Build.0 = Release|Any CPU
		{8CB1E63B-E8AF-49AA-BBF7-B1115257C8CE}.Debug|Any CPU.ActiveCfg = Debug|Any CPU
		{8CB1E63B-E8AF-49AA-BBF7-B1115257C8CE}.Debug|Any CPU.Build.0 = Debug|Any CPU
		{8CB1E63B-E8AF-49AA-BBF7-B1115257C8CE}.Release|Any CPU.ActiveCfg = Release|Any CPU
		{8CB1E63B-E8AF-49AA-BBF7-B1115257C8CE}.Release|Any CPU.Build.0 = Release|Any CPU
	EndGlobalSection
	GlobalSection(SolutionProperties) = preSolution
		HideSolutionNode = FALSE
	EndGlobalSection
EndGlobal
